
Microsoft Visual Studio Solution File, Format Version 12.00
# Visual Studio Version 17
VisualStudioVersion = 17.14.36414.22 d17.14
MinimumVisualStudioVersion = 10.0.40219.1
Project("{FAE04EC0-301F-11D3-BF4B-00C04F79EFBC}") = "BinaryCalculator", "BinaryCalculator\BinaryCalculator.csproj", "{A3021B24-2580-4716-AD17-0061D603ED48}"
EndProject
Global
	GlobalSection(SolutionConfigurationPlatforms) = preSolution
		Debug|Any CPU = Debug|Any CPU
		Release|Any CPU = Release|Any CPU
	EndGlobalSection
	GlobalSection(ProjectConfigurationPlatforms) = postSolution
		{A3021B24-2580-4716-AD17-0061D603ED48}.Debug|Any CPU.ActiveCfg = Debug|Any CPU
		{A3021B24-2580-4716-AD17-0061D603ED48}.Debug|Any CPU.Build.0 = Debug|Any CPU
		{A3021B24-2580-4716-AD17-0061D603ED48}.Release|Any CPU.ActiveCfg = Release|Any CPU
		{A3021B24-2580-4716-AD17-0061D603ED48}.Release|Any CPU.Build.0 = Release|Any CPU
	EndGlobalSection
	GlobalSection(SolutionProperties) = preSolution
		HideSolutionNode = FALSE
	EndGlobalSection
	GlobalSection(ExtensibilityGlobals) = postSolution
		SolutionGuid = {0FD7A03F-6665-4D5E-8311-266E938AE210}
	EndGlobalSection
EndGlobal
